
Microsoft Visual Studio Solution File, Format Version 12.00
# Visual Studio Version 16
VisualStudioVersion = 16.0.31321.278
MinimumVisualStudioVersion = 10.0.40219.1
Project("{FAE04EC0-301F-11D3-BF4B-00C04F79EFBC}") = "DnsOMaticScript", "DnsOMaticScript\DnsOMaticScript.csproj", "{EEC85D42-A6E9-4ABD-B656-922C23E88378}"
EndProject
Global
	GlobalSection(SolutionConfigurationPlatforms) = preSolution
		Debug|Any CPU = Debug|Any CPU
		Release|Any CPU = Release|Any CPU
	EndGlobalSection
	GlobalSection(ProjectConfigurationPlatforms) = postSolution
		{EEC85D42-A6E9-4ABD-B656-922C23E88378}.Debug|Any CPU.ActiveCfg = Debug|Any CPU
		{EEC85D42-A6E9-4ABD-B656-922C23E88378}.Debug|Any CPU.Build.0 = Debug|Any CPU
		{EEC85D42-A6E9-4ABD-B656-922C23E88378}.Release|Any CPU.ActiveCfg = Release|Any CPU
		{EEC85D42-A6E9-4ABD-B656-922C23E88378}.Release|Any CPU.Build.0 = Release|Any CPU
	EndGlobalSection
	GlobalSection(SolutionProperties) = preSolution
		HideSolutionNode = FALSE
	EndGlobalSection
	GlobalSection(ExtensibilityGlobals) = postSolution
		SolutionGuid = {AC418985-0478-4C66-A011-17F505109960}
	EndGlobalSection
EndGlobal
